
Microsoft Visual Studio Solution File, Format Version 12.00
# Visual Studio Version 16
VisualStudioVersion = 16.0.29920.165
MinimumVisualStudioVersion = 10.0.40219.1
Project("{FAE04EC0-301F-11D3-BF4B-00C04F79EFBC}") = "Logic", "Logic\Logic.csproj", "{5F4425CF-375A-4926-846D-2823E469242C}"
EndProject
Project("{FAE04EC0-301F-11D3-BF4B-00C04F79EFBC}") = "Data", "Data\Data.csproj", "{11E4D1AF-6289-463F-B1BD-A7B70912C331}"
EndProject
Project("{FAE04EC0-301F-11D3-BF4B-00C04F79EFBC}") = "Models", "Models\Models.csproj", "{778FDAEC-3C00-4314-A40C-337AF3DC1F55}"
EndProject
Project("{FAE04EC0-301F-11D3-BF4B-00C04F79EFBC}") = "DrowMarket", "DrowMarket\DrowMarket.csproj", "{BCDAE572-D4D6-42F4-A1C3-8BFF10D6558C}"
EndProject
Global
	GlobalSection(SolutionConfigurationPlatforms) = preSolution
		Debug|Any CPU = Debug|Any CPU
		Release|Any CPU = Release|Any CPU
	EndGlobalSection
	GlobalSection(ProjectConfigurationPlatforms) = postSolution
		{5F4425CF-375A-4926-846D-2823E469242C}.Debug|Any CPU.ActiveCfg = Debug|Any CPU
		{5F4425CF-375A-4926-846D-2823E469242C}.Debug|Any CPU.Build.0 = Debug|Any CPU
		{5F4425CF-375A-4926-846D-2823E469242C}.Release|Any CPU.ActiveCfg = Release|Any CPU
		{5F4425CF-375A-4926-846D-2823E469242C}.Release|Any CPU.Build.0 = Release|Any CPU
		{11E4D1AF-6289-463F-B1BD-A7B70912C331}.Debug|Any CPU.ActiveCfg = Debug|Any CPU
		{11E4D1AF-6289-463F-B1BD-A7B70912C331}.Debug|Any CPU.Build.0 = Debug|Any CPU
		{11E4D1AF-6289-463F-B1BD-A7B70912C331}.Release|Any CPU.ActiveCfg = Release|Any CPU
		{11E4D1AF-6289-463F-B1BD-A7B70912C331}.Release|Any CPU.Build.0 = Release|Any CPU
		{778FDAEC-3C00-4314-A40C-337AF3DC1F55}.Debug|Any CPU.ActiveCfg = Debug|Any CPU
		{778FDAEC-3C00-4314-A40C-337AF3DC1F55}.Debug|Any CPU.Build.0 = Debug|Any CPU
		{778FDAEC-3C00-4314-A40C-337AF3DC1F55}.Release|Any CPU.ActiveCfg = Release|Any CPU
		{778FDAEC-3C00-4314-A40C-337AF3DC1F55}.Release|Any CPU.Build.0 = Release|Any CPU
		{BCDAE572-D4D6-42F4-A1C3-8BFF10D6558C}.Debug|Any CPU.ActiveCfg = Debug|Any CPU
		{BCDAE572-D4D6-42F4-A1C3-8BFF10D6558C}.Debug|Any CPU.Build.0 = Debug|Any CPU
		{BCDAE572-D4D6-42F4-A1C3-8BFF10D6558C}.Release|Any CPU.ActiveCfg = Release|Any CPU
		{BCDAE572-D4D6-42F4-A1C3-8BFF10D6558C}.Release|Any CPU.Build.0 = Release|Any CPU
	EndGlobalSection
	GlobalSection(SolutionProperties) = preSolution
		HideSolutionNode = FALSE
	EndGlobalSection
	GlobalSection(ExtensibilityGlobals) = postSolution
		SolutionGuid = {14ABD08C-40CE-4A3E-80DA-323AC6A5B128}
	EndGlobalSection
EndGlobal
